
Microsoft Visual Studio Solution File, Format Version 12.00
# Visual Studio 15
VisualStudioVersion = 15.0.27703.2042
MinimumVisualStudioVersion = 10.0.40219.1
Project("{8BC9CEB8-8B4A-11D0-8D11-00A0C91BC942}") = "studyC", "studyC\studyC.vcxproj", "{F58C9086-862E-478A-9E4A-5EAAD3DFB775}"
EndProject
Project("{8BC9CEB8-8B4A-11D0-8D11-00A0C91BC942}") = "C加加基础", "C加加基础\C加加基础.vcxproj", "{640B7E34-71E6-45DA-A033-2CA09A5698AC}"
EndProject
Project("{8BC9CEB8-8B4A-11D0-8D11-00A0C91BC942}") = "文件和流", "文件和流\文件和流.vcxproj", "{663CA98F-2A74-4E2A-A4AC-0E0303DBA63C}"
EndProject
Project("{8BC9CEB8-8B4A-11D0-8D11-00A0C91BC942}") = "多线程", "多线程\多线程.vcxproj", "{561A3F3B-3A3D-45E2-8DA6-D76BD4FD66EA}"
EndProject
Project("{8BC9CEB8-8B4A-11D0-8D11-00A0C91BC942}") = "售票系统", "售票系统\售票系统.vcxproj", "{36DAEF55-1BDE-4BB0-A4B2-B33DED26C0A8}"
EndProject
Project("{8BC9CEB8-8B4A-11D0-8D11-00A0C91BC942}") = "线性表", "线性表\线性表.vcxproj", "{58A5048B-30DB-4984-952B-7C1218B9FB02}"
EndProject
Project("{8BC9CEB8-8B4A-11D0-8D11-00A0C91BC942}") = "队列", "队列\队列.vcxproj", "{7F50B0E3-46F8-443C-941A-9B8F58D9AA66}"
EndProject
Global
	GlobalSection(SolutionConfigurationPlatforms) = preSolution
		Debug|x64 = Debug|x64
		Debug|x86 = Debug|x86
		Release|x64 = Release|x64
		Release|x86 = Release|x86
	EndGlobalSection
	GlobalSection(ProjectConfigurationPlatforms) = postSolution
		{F58C9086-862E-478A-9E4A-5EAAD3DFB775}.Debug|x64.ActiveCfg = Debug|Win32
		{F58C9086-862E-478A-9E4A-5EAAD3DFB775}.Debug|x64.Build.0 = Debug|Win32
		{F58C9086-862E-478A-9E4A-5EAAD3DFB775}.Debug|x86.ActiveCfg = Debug|Win32
		{F58C9086-862E-478A-9E4A-5EAAD3DFB775}.Debug|x86.Build.0 = Debug|Win32
		{F58C9086-862E-478A-9E4A-5EAAD3DFB775}.Release|x64.ActiveCfg = Release|x64
		{F58C9086-862E-478A-9E4A-5EAAD3DFB775}.Release|x64.Build.0 = Release|x64
		{F58C9086-862E-478A-9E4A-5EAAD3DFB775}.Release|x86.ActiveCfg = Release|Win32
		{F58C9086-862E-478A-9E4A-5EAAD3DFB775}.Release|x86.Build.0 = Release|Win32
		{640B7E34-71E6-45DA-A033-2CA09A5698AC}.Debug|x64.ActiveCfg = Debug|x64
		{640B7E34-71E6-45DA-A033-2CA09A5698AC}.Debug|x64.Build.0 = Debug|x64
		{640B7E34-71E6-45DA-A033-2CA09A5698AC}.Debug|x86.ActiveCfg = Debug|Win32
		{640B7E34-71E6-45DA-A033-2CA09A5698AC}.Debug|x86.Build.0 = Debug|Win32
		{640B7E34-71E6-45DA-A033-2CA09A5698AC}.Release|x64.ActiveCfg = Release|x64
		{640B7E34-71E6-45DA-A033-2CA09A5698AC}.Release|x64.Build.0 = Release|x64
		{640B7E34-71E6-45DA-A033-2CA09A5698AC}.Release|x86.ActiveCfg = Release|Win32
		{640B7E34-71E6-45DA-A033-2CA09A5698AC}.Release|x86.Build.0 = Release|Win32
		{663CA98F-2A74-4E2A-A4AC-0E0303DBA63C}.Debug|x64.ActiveCfg = Debug|x64
		{663CA98F-2A74-4E2A-A4AC-0E0303DBA63C}.Debug|x64.Build.0 = Debug|x64
		{663CA98F-2A74-4E2A-A4AC-0E0303DBA63C}.Debug|x86.ActiveCfg = Debug|Win32
		{663CA98F-2A74-4E2A-A4AC-0E0303DBA63C}.Debug|x86.Build.0 = Debug|Win32
		{663CA98F-2A74-4E2A-A4AC-0E0303DBA63C}.Release|x64.ActiveCfg = Release|x64
		{663CA98F-2A74-4E2A-A4AC-0E0303DBA63C}.Release|x64.Build.0 = Release|x64
		{663CA98F-2A74-4E2A-A4AC-0E0303DBA63C}.Release|x86.ActiveCfg = Release|Win32
		{663CA98F-2A74-4E2A-A4AC-0E0303DBA63C}.Release|x86.Build.0 = Release|Win32
		{561A3F3B-3A3D-45E2-8DA6-D76BD4FD66EA}.Debug|x64.ActiveCfg = Debug|x64
		{561A3F3B-3A3D-45E2-8DA6-D76BD4FD66EA}.Debug|x64.Build.0 = Debug|x64
		{561A3F3B-3A3D-45E2-8DA6-D76BD4FD66EA}.Debug|x86.ActiveCfg = Debug|Win32
		{561A3F3B-3A3D-45E2-8DA6-D76BD4FD66EA}.Debug|x86.Build.0 = Debug|Win32
		{561A3F3B-3A3D-45E2-8DA6-D76BD4FD66EA}.Release|x64.ActiveCfg = Release|x64
		{561A3F3B-3A3D-45E2-8DA6-D76BD4FD66EA}.Release|x64.Build.0 = Release|x64
		{561A3F3B-3A3D-45E2-8DA6-D76BD4FD66EA}.Release|x86.ActiveCfg = Release|Win32
		{561A3F3B-3A3D-45E2-8DA6-D76BD4FD66EA}.Release|x86.Build.0 = Release|Win32
		{36DAEF55-1BDE-4BB0-A4B2-B33DED26C0A8}.Debug|x64.ActiveCfg = Debug|x64
		{36DAEF55-1BDE-4BB0-A4B2-B33DED26C0A8}.Debug|x64.Build.0 = Debug|x64
		{36DAEF55-1BDE-4BB0-A4B2-B33DED26C0A8}.Debug|x86.ActiveCfg = Debug|Win32
		{36DAEF55-1BDE-4BB0-A4B2-B33DED26C0A8}.Debug|x86.Build.0 = Debug|Win32
		{36DAEF55-1BDE-4BB0-A4B2-B33DED26C0A8}.Release|x64.ActiveCfg = Release|x64
		{36DAEF55-1BDE-4BB0-A4B2-B33DED26C0A8}.Release|x64.Build.0 = Release|x64
		{36DAEF55-1BDE-4BB0-A4B2-B33DED26C0A8}.Release|x86.ActiveCfg = Release|Win32
		{36DAEF55-1BDE-4BB0-A4B2-B33DED26C0A8}.Release|x86.Build.0 = Release|Win32
		{58A5048B-30DB-4984-952B-7C1218B9FB02}.Debug|x64.ActiveCfg = Debug|x64
		{58A5048B-30DB-4984-952B-7C1218B9FB02}.Debug|x64.Build.0 = Debug|x64
		{58A5048B-30DB-4984-952B-7C1218B9FB02}.Debug|x86.ActiveCfg = Debug|Win32
		{58A5048B-30DB-4984-952B-7C1218B9FB02}.Debug|x86.Build.0 = Debug|Win32
		{58A5048B-30DB-4984-952B-7C1218B9FB02}.Release|x64.ActiveCfg = Release|x64
		{58A5048B-30DB-4984-952B-7C1218B9FB02}.Release|x64.Build.0 = Release|x64
		{58A5048B-30DB-4984-952B-7C1218B9FB02}.Release|x86.ActiveCfg = Release|Win32
		{58A5048B-30DB-4984-952B-7C1218B9FB02}.Release|x86.Build.0 = Release|Win32
		{7F50B0E3-46F8-443C-941A-9B8F58D9AA66}.Debug|x64.ActiveCfg = Debug|x64
		{7F50B0E3-46F8-443C-941A-9B8F58D9AA66}.Debug|x64.Build.0 = Debug|x64
		{7F50B0E3-46F8-443C-941A-9B8F58D9AA66}.Debug|x86.ActiveCfg = Debug|Win32
		{7F50B0E3-46F8-443C-941A-9B8F58D9AA66}.Debug|x86.Build.0 = Debug|Win32
		{7F50B0E3-46F8-443C-941A-9B8F58D9AA66}.Release|x64.ActiveCfg = Release|x64
		{7F50B0E3-46F8-443C-941A-9B8F58D9AA66}.Release|x64.Build.0 = Release|x64
		{7F50B0E3-46F8-443C-941A-9B8F58D9AA66}.Release|x86.ActiveCfg = Release|Win32
		{7F50B0E3-46F8-443C-941A-9B8F58D9AA66}.Release|x86.Build.0 = Release|Win32
	EndGlobalSection
	GlobalSection(SolutionProperties) = preSolution
		HideSolutionNode = FALSE
	EndGlobalSection
	GlobalSection(ExtensibilityGlobals) = postSolution
		SolutionGuid = {B68F1C27-87D8-4DB5-8CAC-A2CF60E6FDB9}
	EndGlobalSection
EndGlobal
